dependencies:
- name: postgresql
  repository: https://charts.bitnami.com/bitnami
  version: 16.7.26
- name: redis
  repository: https://charts.bitnami.com/bitnami
  version: 22.0.4
digest: sha256:f185056b3129c153926dd283fda5b41182ff0a32f3752306bc75372578d2aceb
generated: "2025-08-18T22:37:32.187446523Z"
